
Microsoft Visual Studio Solution File, Format Version 12.00
# Visual Studio Version 16
VisualStudioVersion = 16.0.29613.14
MinimumVisualStudioVersion = 10.0.40219.1
Project("{FAE04EC0-301F-11D3-BF4B-00C04F79EFBC}") = "Airport_IS", "Airport_IS.csproj", "{73167282-DCB1-4638-A533-CFDE7A18BC12}"
EndProject
Global
	GlobalSection(SolutionConfigurationPlatforms) = preSolution
		Debug|Any CPU = Debug|Any CPU
		Release|Any CPU = Release|Any CPU
	EndGlobalSection
	GlobalSection(ProjectConfigurationPlatforms) = postSolution
		{73167282-DCB1-4638-A533-CFDE7A18BC12}.Debug|Any CPU.ActiveCfg = Debug|Any CPU
		{73167282-DCB1-4638-A533-CFDE7A18BC12}.Debug|Any CPU.Build.0 = Debug|Any CPU
		{73167282-DCB1-4638-A533-CFDE7A18BC12}.Release|Any CPU.ActiveCfg = Release|Any CPU
		{73167282-DCB1-4638-A533-CFDE7A18BC12}.Release|Any CPU.Build.0 = Release|Any CPU
	EndGlobalSection
	GlobalSection(SolutionProperties) = preSolution
		HideSolutionNode = FALSE
	EndGlobalSection
	GlobalSection(ExtensibilityGlobals) = postSolution
		SolutionGuid = {068D6310-B5AE-4BC3-BBA5-C69501925E3C}
	EndGlobalSection
EndGlobal
